# This file is automatically @generated by Cargo.
# It is not intended for manual editing.
[[package]]
name = "main"
version = "0.1.0"
dependencies = [
 "mystr 2.0.0",
 "printerlib",
]

[[package]]
name = "mystr"
version = "1.0.0"

[[package]]
name = "mystr"
version = "2.0.0"

[[package]]
name = "printerlib"
version = "0.1.0"
dependencies = [
 "mystr 1.0.0",
]
